// !$*UTF8*$!
{
	archiveVersion = 1;
	classes = {
	};
	objectVersion = 77;
	objects = {

/* Begin PBXBuildFile section */
		07089F8CA823BC3E9E80B551 /* HUDPanel.swift in Sources */ = {isa = PBXBuildFile; fileRef = 337E3E3A3035E290F13D4FAF /* HUDPanel.swift */; };
		2CB798FDE7479DB71A58A826 /* VigiaApp.swift in Sources */ = {isa = PBXBuildFile; fileRef = 156FFA95A4BF3D4A3E67C91C /* VigiaApp.swift */; };
		6639B8468E7D52F194A51CD4 /* ActionsWindow.swift in Sources */ = {isa = PBXBuildFile; fileRef = 2BD5C777FAC25C21E9D2106E /* ActionsWindow.swift */; };
		8A28FEC59D9B2432C3A96E32 /* HUDModel.swift in Sources */ = {isa = PBXBuildFile; fileRef = BD9885355A1A778C11E77801 /* HUDModel.swift */; };
		8CE413F4719E367341F36C09 /* SettingsStore.swift in Sources */ = {isa = PBXBuildFile; fileRef = 48FE305288BF40A765F9B51E /* SettingsStore.swift */; };
		8E8F94166DA96112E6796A76 /* VigiaCore in Frameworks */ = {isa = PBXBuildFile; productRef = 8210091A147D342028C3D546 /* VigiaCore */; };
		A45E7D3C593A599B485EF160 /* ActionsModel.swift in Sources */ = {isa = PBXBuildFile; fileRef = 66CF52BCAB0D8AD965BEFCDB /* ActionsModel.swift */; };
		FC10D6142EC401EA858DE4A1 /* HUDView.swift in Sources */ = {isa = PBXBuildFile; fileRef = 53F191D944CFC3FAFEAA9DD1 /* HUDView.swift */; };
		FF23BD7EE198D273C7ED609E /* ActionsView.swift in Sources */ = {isa = PBXBuildFile; fileRef = FA649BE4249243A25162EBF3 /* ActionsView.swift */; };
/* End PBXBuildFile section */

/* Begin PBXFileReference section */
		0EC2E2A5253015A3DBD4B549 /* Vigia.app */ = {isa = PBXFileReference; explicitFileType = wrapper.application; includeInIndex = 0; path = Vigia.app; sourceTree = BUILT_PRODUCTS_DIR; };
		156FFA95A4BF3D4A3E67C91C /* VigiaApp.swift */ = {isa = PBXFileReference; lastKnownFileType = sourcecode.swift; path = VigiaApp.swift; sourceTree = "<group>"; };
		2BD5C777FAC25C21E9D2106E /* ActionsWindow.swift */ = {isa = PBXFileReference; lastKnownFileType = sourcecode.swift; path = ActionsWindow.swift; sourceTree = "<group>"; };
		337E3E3A3035E290F13D4FAF /* HUDPanel.swift */ = {isa = PBXFileReference; lastKnownFileType = sourcecode.swift; path = HUDPanel.swift; sourceTree = "<group>"; };
		48FE305288BF40A765F9B51E /* SettingsStore.swift */ = {isa = PBXFileReference; lastKnownFileType = sourcecode.swift; path = SettingsStore.swift; sourceTree = "<group>"; };
		53F191D944CFC3FAFEAA9DD1 /* HUDView.swift */ = {isa = PBXFileReference; lastKnownFileType = sourcecode.swift; path = HUDView.swift; sourceTree = "<group>"; };
		66CF52BCAB0D8AD965BEFCDB /* ActionsModel.swift */ = {isa = PBXFileReference; lastKnownFileType = sourcecode.swift; path = ActionsModel.swift; sourceTree = "<group>"; };
		7E8194C191F65BF4E51EA2A0 /* Info.plist */ = {isa = PBXFileReference; lastKnownFileType = text.plist; path = Info.plist; sourceTree = "<group>"; };
		BD9885355A1A778C11E77801 /* HUDModel.swift */ = {isa = PBXFileReference; lastKnownFileType = sourcecode.swift; path = HUDModel.swift; sourceTree = "<group>"; };
		CE0922DB3EEAA7F978F806F9 /* vigia-monitor */ = {isa = PBXFileReference; lastKnownFileType = folder; name = "vigia-monitor"; path = ..; sourceTree = SOURCE_ROOT; };
		FA649BE4249243A25162EBF3 /* ActionsView.swift */ = {isa = PBXFileReference; lastKnownFileType = sourcecode.swift; path = ActionsView.swift; sourceTree = "<group>"; };
/* End PBXFileReference section */

/* Begin PBXFrameworksBuildPhase section */
		ABC2B91D5CCB4B97E895F0D3 /* Frameworks */ = {
			isa = PBXFrameworksBuildPhase;
			buildActionMask = 2147483647;
			files = (
				8E8F94166DA96112E6796A76 /* VigiaCore in Frameworks */,
			);
			runOnlyForDeploymentPostprocessing = 0;
		};
/* End PBXFrameworksBuildPhase section */

/* Begin PBXGroup section */
		2FA4F9BF75CD34B8B27EDD86 /* Products */ = {
			isa = PBXGroup;
			children = (
				0EC2E2A5253015A3DBD4B549 /* Vigia.app */,
			);
			name = Products;
			sourceTree = "<group>";
		};
		3F73E1CB82F5E068828A8F8C = {
			isa = PBXGroup;
			children = (
				6B759EAF962C5109273EBF90 /* Packages */,
				A0C293A4424596B5ACF98F2D /* Vigia */,
				2FA4F9BF75CD34B8B27EDD86 /* Products */,
			);
			sourceTree = "<group>";
		};
		6B759EAF962C5109273EBF90 /* Packages */ = {
			isa = PBXGroup;
			children = (
				CE0922DB3EEAA7F978F806F9 /* vigia-monitor */,
			);
			name = Packages;
			sourceTree = "<group>";
		};
		A0C293A4424596B5ACF98F2D /* Vigia */ = {
			isa = PBXGroup;
			children = (
				66CF52BCAB0D8AD965BEFCDB /* ActionsModel.swift */,
				FA649BE4249243A25162EBF3 /* ActionsView.swift */,
				2BD5C777FAC25C21E9D2106E /* ActionsWindow.swift */,
				BD9885355A1A778C11E77801 /* HUDModel.swift */,
				337E3E3A3035E290F13D4FAF /* HUDPanel.swift */,
				53F191D944CFC3FAFEAA9DD1 /* HUDView.swift */,
				7E8194C191F65BF4E51EA2A0 /* Info.plist */,
				48FE305288BF40A765F9B51E /* SettingsStore.swift */,
				156FFA95A4BF3D4A3E67C91C /* VigiaApp.swift */,
			);
			path = Vigia;
			sourceTree = "<group>";
		};
/* End PBXGroup section */

/* Begin PBXNativeTarget section */
		F912053472CDF2B1C4FAE56F /* Vigia */ = {
			isa = PBXNativeTarget;
			buildConfigurationList = 1C7B03E83E6FA398CB196273 /* Build configuration list for PBXNativeTarget "Vigia" */;
			buildPhases = (
				8BA31A7C7C283E0B2CE2417B /* Sources */,
				ABC2B91D5CCB4B97E895F0D3 /* Frameworks */,
			);
			buildRules = (
			);
			dependencies = (
			);
			name = Vigia;
			packageProductDependencies = (
				8210091A147D342028C3D546 /* VigiaCore */,
			);
			productName = Vigia;
			productReference = 0EC2E2A5253015A3DBD4B549 /* Vigia.app */;
			productType = "com.apple.product-type.application";
		};
/* End PBXNativeTarget section */

/* Begin PBXProject section */
		037096B569DD301A0A7A9BDF /* Project object */ = {
			isa = PBXProject;
			attributes = {
				BuildIndependentTargetsInParallel = YES;
				LastUpgradeCheck = 1430;
				TargetAttributes = {
					F912053472CDF2B1C4FAE56F = {
						DevelopmentTeam = MS4534M938;
						ProvisioningStyle = Automatic;
					};
				};
			};
			buildConfigurationList = BFE1F67C299D63EE2AB7079B /* Build configuration list for PBXProject "Vigia" */;
			developmentRegion = en;
			hasScannedForEncodings = 0;
			knownRegions = (
				Base,
				en,
			);
			mainGroup = 3F73E1CB82F5E068828A8F8C;
			minimizedProjectReferenceProxies = 1;
			packageReferences = (
				3A88A640EBDB429796F46772 /* XCLocalSwiftPackageReference "..//" */,
			);
			preferredProjectObjectVersion = 77;
			productRefGroup = 2FA4F9BF75CD34B8B27EDD86 /* Products */;
			projectDirPath = "";
			projectRoot = "";
			targets = (
				F912053472CDF2B1C4FAE56F /* Vigia */,
			);
		};
/* End PBXProject section */

/* Begin PBXSourcesBuildPhase section */
		8BA31A7C7C283E0B2CE2417B /* Sources */ = {
			isa = PBXSourcesBuildPhase;
			buildActionMask = 2147483647;
			files = (
				A45E7D3C593A599B485EF160 /* ActionsModel.swift in Sources */,
				FF23BD7EE198D273C7ED609E /* ActionsView.swift in Sources */,
				6639B8468E7D52F194A51CD4 /* ActionsWindow.swift in Sources */,
				8A28FEC59D9B2432C3A96E32 /* HUDModel.swift in Sources */,
				07089F8CA823BC3E9E80B551 /* HUDPanel.swift in Sources */,
				FC10D6142EC401EA858DE4A1 /* HUDView.swift in Sources */,
				8CE413F4719E367341F36C09 /* SettingsStore.swift in Sources */,
				2CB798FDE7479DB71A58A826 /* VigiaApp.swift in Sources */,
			);
			runOnlyForDeploymentPostprocessing = 0;
		};
/* End PBXSourcesBuildPhase section */

/* Begin XCBuildConfiguration section */
		38F26EA0397103D31DA11C9D /* Debug */ = {
			isa = XCBuildConfiguration;
			buildSettings = {
				ALWAYS_SEARCH_USER_PATHS = NO;
				CLANG_ANALYZER_NONNULL = YES;
				CLANG_ANALYZER_NUMBER_OBJECT_CONVERSION = YES_AGGRESSIVE;
				CLANG_CXX_LANGUAGE_STANDARD = "gnu++14";
				CLANG_CXX_LIBRARY = "libc++";
				CLANG_ENABLE_MODULES = YES;
				CLANG_ENABLE_OBJC_ARC = YES;
				CLANG_ENABLE_OBJC_WEAK = YES;
				CLANG_WARN_BLOCK_CAPTURE_AUTORELEASING = YES;
				CLANG_WARN_BOOL_CONVERSION = YES;
				CLANG_WARN_COMMA = YES;
				CLANG_WARN_CONSTANT_CONVERSION = YES;
				CLANG_WARN_DEPRECATED_OBJC_IMPLEMENTATIONS = YES;
				CLANG_WARN_DIRECT_OBJC_ISA_USAGE = YES_ERROR;
				CLANG_WARN_DOCUMENTATION_COMMENTS = YES;
				CLANG_WARN_EMPTY_BODY = YES;
				CLANG_WARN_ENUM_CONVERSION = YES;
				CLANG_WARN_INFINITE_RECURSION = YES;
				CLANG_WARN_INT_CONVERSION = YES;
				CLANG_WARN_NON_LITERAL_NULL_CONVERSION = YES;
				CLANG_WARN_OBJC_IMPLICIT_RETAIN_SELF = YES;
				CLANG_WARN_OBJC_LITERAL_CONVERSION = YES;
				CLANG_WARN_OBJC_ROOT_CLASS = YES_ERROR;
				CLANG_WARN_QUOTED_INCLUDE_IN_FRAMEWORK_HEADER = YES;
				CLANG_WARN_RANGE_LOOP_ANALYSIS = YES;
				CLANG_WARN_STRICT_PROTOTYPES = YES;
				CLANG_WARN_SUSPICIOUS_MOVE = YES;
				CLANG_WARN_UNGUARDED_AVAILABILITY = YES_AGGRESSIVE;
				CLANG_WARN_UNREACHABLE_CODE = YES;
				CLANG_WARN__DUPLICATE_METHOD_MATCH = YES;
				COPY_PHASE_STRIP = NO;
				DEBUG_INFORMATION_FORMAT = dwarf;
				ENABLE_STRICT_OBJC_MSGSEND = YES;
				ENABLE_TESTABILITY = YES;
				GCC_C_LANGUAGE_STANDARD = gnu11;
				GCC_DYNAMIC_NO_PIC = NO;
				GCC_NO_COMMON_BLOCKS = YES;
				GCC_OPTIMIZATION_LEVEL = 0;
				GCC_PREPROCESSOR_DEFINITIONS = (
					"$(inherited)",
					"DEBUG=1",
				);
				GCC_WARN_64_TO_32_BIT_CONVERSION = YES;
				GCC_WARN_ABOUT_RETURN_TYPE = YES_ERROR;
				GCC_WARN_UNDECLARED_SELECTOR = YES;
				GCC_WARN_UNINITIALIZED_AUTOS = YES_AGGRESSIVE;
				GCC_WARN_UNUSED_FUNCTION = YES;
				GCC_WARN_UNUSED_VARIABLE = YES;
				MACOSX_DEPLOYMENT_TARGET = 14.0;
				MTL_ENABLE_DEBUG_INFO = INCLUDE_SOURCE;
				MTL_FAST_MATH = YES;
				ONLY_ACTIVE_ARCH = YES;
				PRODUCT_NAME = "$(TARGET_NAME)";
				SDKROOT = macosx;
				SWIFT_ACTIVE_COMPILATION_CONDITIONS = DEBUG;
				SWIFT_OPTIMIZATION_LEVEL = "-Onone";
				SWIFT_VERSION = 5.0;
			};
			name = Debug;
		};
		557C46FD93B81D2C1EB50807 /* Debug */ = {
			isa = XCBuildConfiguration;
			buildSettings = {
				ASSETCATALOG_COMPILER_APPICON_NAME = AppIcon;
				CODE_SIGN_IDENTITY = "Apple Development";
				CODE_SIGN_STYLE = Automatic;
				COMBINE_HIDPI_IMAGES = YES;
				CURRENT_PROJECT_VERSION = 1;
				DEVELOPMENT_TEAM = MS4534M938;
				ENABLE_APP_SANDBOX = NO;
				ENABLE_HARDENED_RUNTIME = YES;
				ENABLE_USER_SCRIPT_SANDBOXING = NO;
				GENERATE_INFOPLIST_FILE = NO;
				INFOPLIST_FILE = Vigia/Info.plist;
				LD_RUNPATH_SEARCH_PATHS = (
					"$(inherited)",
					"@executable_path/../Frameworks",
				);
				MACOSX_DEPLOYMENT_TARGET = 14.0;
				MARKETING_VERSION = 1.0;
				PRODUCT_BUNDLE_IDENTIFIER = com.jpcruz.vigia;
				SDKROOT = macosx;
				SWIFT_STRICT_CONCURRENCY = complete;
				SWIFT_VERSION = 6.0;
			};
			name = Debug;
		};
		B274612B20858A915E2A237F /* Release */ = {
			isa = XCBuildConfiguration;
			buildSettings = {
				ASSETCATALOG_COMPILER_APPICON_NAME = AppIcon;
				CODE_SIGN_IDENTITY = "Apple Development";
				CODE_SIGN_STYLE = Automatic;
				COMBINE_HIDPI_IMAGES = YES;
				CURRENT_PROJECT_VERSION = 1;
				DEVELOPMENT_TEAM = MS4534M938;
				ENABLE_APP_SANDBOX = NO;
				ENABLE_HARDENED_RUNTIME = YES;
				ENABLE_USER_SCRIPT_SANDBOXING = NO;
				GENERATE_INFOPLIST_FILE = NO;
				INFOPLIST_FILE = Vigia/Info.plist;
				LD_RUNPATH_SEARCH_PATHS = (
					"$(inherited)",
					"@executable_path/../Frameworks",
				);
				MACOSX_DEPLOYMENT_TARGET = 14.0;
				MARKETING_VERSION = 1.0;
				PRODUCT_BUNDLE_IDENTIFIER = com.jpcruz.vigia;
				SDKROOT = macosx;
				SWIFT_STRICT_CONCURRENCY = complete;
				SWIFT_VERSION = 6.0;
			};
			name = Release;
		};
		EB8BC69D89A1F5DA9DC3D3A4 /* Release */ = {
			isa = XCBuildConfiguration;
			buildSettings = {
				ALWAYS_SEARCH_USER_PATHS = NO;
				CLANG_ANALYZER_NONNULL = YES;
				CLANG_ANALYZER_NUMBER_OBJECT_CONVERSION = YES_AGGRESSIVE;
				CLANG_CXX_LANGUAGE_STANDARD = "gnu++14";
				CLANG_CXX_LIBRARY = "libc++";
				CLANG_ENABLE_MODULES = YES;
				CLANG_ENABLE_OBJC_ARC = YES;
				CLANG_ENABLE_OBJC_WEAK = YES;
				CLANG_WARN_BLOCK_CAPTURE_AUTORELEASING = YES;
				CLANG_WARN_BOOL_CONVERSION = YES;
				CLANG_WARN_COMMA = YES;
				CLANG_WARN_CONSTANT_CONVERSION = YES;
				CLANG_WARN_DEPRECATED_OBJC_IMPLEMENTATIONS = YES;
				CLANG_WARN_DIRECT_OBJC_ISA_USAGE = YES_ERROR;
				CLANG_WARN_DOCUMENTATION_COMMENTS = YES;
				CLANG_WARN_EMPTY_BODY = YES;
				CLANG_WARN_ENUM_CONVERSION = YES;
				CLANG_WARN_INFINITE_RECURSION = YES;
				CLANG_WARN_INT_CONVERSION = YES;
				CLANG_WARN_NON_LITERAL_NULL_CONVERSION = YES;
				CLANG_WARN_OBJC_IMPLICIT_RETAIN_SELF = YES;
				CLANG_WARN_OBJC_LITERAL_CONVERSION = YES;
				CLANG_WARN_OBJC_ROOT_CLASS = YES_ERROR;
				CLANG_WARN_QUOTED_INCLUDE_IN_FRAMEWORK_HEADER = YES;
				CLANG_WARN_RANGE_LOOP_ANALYSIS = YES;
				CLANG_WARN_STRICT_PROTOTYPES = YES;
				CLANG_WARN_SUSPICIOUS_MOVE = YES;
				CLANG_WARN_UNGUARDED_AVAILABILITY = YES_AGGRESSIVE;
				CLANG_WARN_UNREACHABLE_CODE = YES;
				CLANG_WARN__DUPLICATE_METHOD_MATCH = YES;
				COPY_PHASE_STRIP = NO;
				DEBUG_INFORMATION_FORMAT = "dwarf-with-dsym";
				ENABLE_NS_ASSERTIONS = NO;
				ENABLE_STRICT_OBJC_MSGSEND = YES;
				GCC_C_LANGUAGE_STANDARD = gnu11;
				GCC_NO_COMMON_BLOCKS = YES;
				GCC_WARN_64_TO_32_BIT_CONVERSION = YES;
				GCC_WARN_ABOUT_RETURN_TYPE = YES_ERROR;
				GCC_WARN_UNDECLARED_SELECTOR = YES;
				GCC_WARN_UNINITIALIZED_AUTOS = YES_AGGRESSIVE;
				GCC_WARN_UNUSED_FUNCTION = YES;
				GCC_WARN_UNUSED_VARIABLE = YES;
				MACOSX_DEPLOYMENT_TARGET = 14.0;
				MTL_ENABLE_DEBUG_INFO = NO;
				MTL_FAST_MATH = YES;
				PRODUCT_NAME = "$(TARGET_NAME)";
				SDKROOT = macosx;
				SWIFT_COMPILATION_MODE = wholemodule;
				SWIFT_OPTIMIZATION_LEVEL = "-O";
				SWIFT_VERSION = 5.0;
			};
			name = Release;
		};
/* End XCBuildConfiguration section */

/* Begin XCConfigurationList section */
		1C7B03E83E6FA398CB196273 /* Build configuration list for PBXNativeTarget "Vigia" */ = {
			isa = XCConfigurationList;
			buildConfigurations = (
				557C46FD93B81D2C1EB50807 /* Debug */,
				B274612B20858A915E2A237F /* Release */,
			);
			defaultConfigurationIsVisible = 0;
			defaultConfigurationName = Debug;
		};
		BFE1F67C299D63EE2AB7079B /* Build configuration list for PBXProject "Vigia" */ = {
			isa = XCConfigurationList;
			buildConfigurations = (
				38F26EA0397103D31DA11C9D /* Debug */,
				EB8BC69D89A1F5DA9DC3D3A4 /* Release */,
			);
			defaultConfigurationIsVisible = 0;
			defaultConfigurationName = Debug;
		};
/* End XCConfigurationList section */

/* Begin XCLocalSwiftPackageReference section */
		3A88A640EBDB429796F46772 /* XCLocalSwiftPackageReference "..//" */ = {
			isa = XCLocalSwiftPackageReference;
			relativePath = "..//";
		};
/* End XCLocalSwiftPackageReference section */

/* Begin XCSwiftPackageProductDependency section */
		8210091A147D342028C3D546 /* VigiaCore */ = {
			isa = XCSwiftPackageProductDependency;
			productName = VigiaCore;
		};
/* End XCSwiftPackageProductDependency section */
	};
	rootObject = 037096B569DD301A0A7A9BDF /* Project object */;
}
